
Microsoft Visual Studio Solution File, Format Version 12.00
# Visual Studio 15
VisualStudioVersion = 15.0.28307.136
MinimumVisualStudioVersion = 10.0.40219.1
Project("{9A19103F-16F7-4668-BE54-9A1E7A4F7556}") = "SportStoreCore2", "SportStoreCore2\SportStoreCore2.csproj", "{744A0128-B380-425D-87CA-BF69E40885A6}"
EndProject
Project("{9A19103F-16F7-4668-BE54-9A1E7A4F7556}") = "SportStoreCore2.Tests", "SportStoreCore2.Tests\SportStoreCore2.Tests.csproj", "{80A32CDA-B4DE-4F62-9B47-ADCE414F3407}"
EndProject
Global
	GlobalSection(SolutionConfigurationPlatforms) = preSolution
		Debug|Any CPU = Debug|Any CPU
		Release|Any CPU = Release|Any CPU
	EndGlobalSection
	GlobalSection(ProjectConfigurationPlatforms) = postSolution
		{744A0128-B380-425D-87CA-BF69E40885A6}.Debug|Any CPU.ActiveCfg = Debug|Any CPU
		{744A0128-B380-425D-87CA-BF69E40885A6}.Debug|Any CPU.Build.0 = Debug|Any CPU
		{744A0128-B380-425D-87CA-BF69E40885A6}.Release|Any CPU.ActiveCfg = Release|Any CPU
		{744A0128-B380-425D-87CA-BF69E40885A6}.Release|Any CPU.Build.0 = Release|Any CPU
		{80A32CDA-B4DE-4F62-9B47-ADCE414F3407}.Debug|Any CPU.ActiveCfg = Debug|Any CPU
		{80A32CDA-B4DE-4F62-9B47-ADCE414F3407}.Debug|Any CPU.Build.0 = Debug|Any CPU
		{80A32CDA-B4DE-4F62-9B47-ADCE414F3407}.Release|Any CPU.ActiveCfg = Release|Any CPU
		{80A32CDA-B4DE-4F62-9B47-ADCE414F3407}.Release|Any CPU.Build.0 = Release|Any CPU
	EndGlobalSection
	GlobalSection(SolutionProperties) = preSolution
		HideSolutionNode = FALSE
	EndGlobalSection
	GlobalSection(ExtensibilityGlobals) = postSolution
		SolutionGuid = {F0751D45-7973-4306-A549-BA479C7EFEC4}
	EndGlobalSection
EndGlobal
